
Microsoft Visual Studio Solution File, Format Version 12.00
# Visual Studio Version 17
VisualStudioVersion = 17.8.34330.188
MinimumVisualStudioVersion = 10.0.40219.1
Project("{FAE04EC0-301F-11D3-BF4B-00C04F79EFBC}") = "kk_osr2_sr6_link", "kk_osr2_sr6_link.csproj", "{DD1B48F6-CD99-41FD-9FC5-42275EDC7A42}"
EndProject
Global
	GlobalSection(SolutionConfigurationPlatforms) = preSolution
		Debug|Any CPU = Debug|Any CPU
		Release|Any CPU = Release|Any CPU
	EndGlobalSection
	GlobalSection(ProjectConfigurationPlatforms) = postSolution
		{DD1B48F6-CD99-41FD-9FC5-42275EDC7A42}.Debug|Any CPU.ActiveCfg = Debug|Any CPU
		{DD1B48F6-CD99-41FD-9FC5-42275EDC7A42}.Debug|Any CPU.Build.0 = Debug|Any CPU
		{DD1B48F6-CD99-41FD-9FC5-42275EDC7A42}.Release|Any CPU.ActiveCfg = Release|Any CPU
		{DD1B48F6-CD99-41FD-9FC5-42275EDC7A42}.Release|Any CPU.Build.0 = Release|Any CPU
	EndGlobalSection
	GlobalSection(SolutionProperties) = preSolution
		HideSolutionNode = FALSE
	EndGlobalSection
	GlobalSection(ExtensibilityGlobals) = postSolution
		SolutionGuid = {80CEED8F-EB70-4D7A-A749-F9BC7D5C3205}
	EndGlobalSection
EndGlobal
